
Microsoft Visual Studio Solution File, Format Version 12.00
Project("{FAE04EC0-301F-11D3-BF4B-00C04F79EFBC}") = "MapsetVerifier", "src\MapsetVerifier.csproj", "{2AE6F8E7-1D59-481D-A4E8-6D0145CB22A4}"
EndProject
Project("{FAE04EC0-301F-11D3-BF4B-00C04F79EFBC}") = "MapsetVerifier.Framework", "MapsetVerifier.Framework\MapsetVerifier.Framework.csproj", "{E9EC73E5-C508-463B-957B-484601EAEBC5}"
EndProject
Project("{FAE04EC0-301F-11D3-BF4B-00C04F79EFBC}") = "MapsetVerifier.Checks", "MapsetVerifier.Checks\MapsetVerifier.Checks.csproj", "{6323A780-468F-4A0F-9671-1E2612D13AD9}"
EndProject
Project("{FAE04EC0-301F-11D3-BF4B-00C04F79EFBC}") = "MapsetVerifier.Parser", "MapsetVerifier.Parser\MapsetVerifier.Parser.csproj", "{6CB122FA-AA60-4AF5-8790-80C6CAD7F1A1}"
EndProject
Project("{FAE04EC0-301F-11D3-BF4B-00C04F79EFBC}") = "MapsetVerifier.Snapshots", "MapsetVerifier.Snapshots\MapsetVerifier.Snapshots.csproj", "{F5E8BC12-9F61-45C5-A926-1621C6D27925}"
EndProject
Project("{FAE04EC0-301F-11D3-BF4B-00C04F79EFBC}") = "MapsetVerifier.Rendering", "MapsetVerifier.Rendering\MapsetVerifier.Rendering.csproj", "{8C597358-8037-4BEB-8A97-F7A08B99D8E8}"
EndProject
Project("{FAE04EC0-301F-11D3-BF4B-00C04F79EFBC}") = "MapsetVerifier.Server", "MapsetVerifier.Server\MapsetVerifier.Server.csproj", "{899E8628-8E78-48D5-AA32-B417364CCE41}"
EndProject
Global
	GlobalSection(SolutionConfigurationPlatforms) = preSolution
		Debug|Any CPU = Debug|Any CPU
		Release|Any CPU = Release|Any CPU
	EndGlobalSection
	GlobalSection(ProjectConfigurationPlatforms) = postSolution
		{2AE6F8E7-1D59-481D-A4E8-6D0145CB22A4}.Debug|Any CPU.ActiveCfg = Debug|Any CPU
		{2AE6F8E7-1D59-481D-A4E8-6D0145CB22A4}.Debug|Any CPU.Build.0 = Debug|Any CPU
		{2AE6F8E7-1D59-481D-A4E8-6D0145CB22A4}.Release|Any CPU.ActiveCfg = Release|Any CPU
		{2AE6F8E7-1D59-481D-A4E8-6D0145CB22A4}.Release|Any CPU.Build.0 = Release|Any CPU
		{E9EC73E5-C508-463B-957B-484601EAEBC5}.Debug|Any CPU.ActiveCfg = Debug|Any CPU
		{E9EC73E5-C508-463B-957B-484601EAEBC5}.Debug|Any CPU.Build.0 = Debug|Any CPU
		{E9EC73E5-C508-463B-957B-484601EAEBC5}.Release|Any CPU.ActiveCfg = Release|Any CPU
		{E9EC73E5-C508-463B-957B-484601EAEBC5}.Release|Any CPU.Build.0 = Release|Any CPU
		{6323A780-468F-4A0F-9671-1E2612D13AD9}.Debug|Any CPU.ActiveCfg = Debug|Any CPU
		{6323A780-468F-4A0F-9671-1E2612D13AD9}.Debug|Any CPU.Build.0 = Debug|Any CPU
		{6323A780-468F-4A0F-9671-1E2612D13AD9}.Release|Any CPU.ActiveCfg = Release|Any CPU
		{6323A780-468F-4A0F-9671-1E2612D13AD9}.Release|Any CPU.Build.0 = Release|Any CPU
		{6CB122FA-AA60-4AF5-8790-80C6CAD7F1A1}.Debug|Any CPU.ActiveCfg = Debug|Any CPU
		{6CB122FA-AA60-4AF5-8790-80C6CAD7F1A1}.Debug|Any CPU.Build.0 = Debug|Any CPU
		{6CB122FA-AA60-4AF5-8790-80C6CAD7F1A1}.Release|Any CPU.ActiveCfg = Release|Any CPU
		{6CB122FA-AA60-4AF5-8790-80C6CAD7F1A1}.Release|Any CPU.Build.0 = Release|Any CPU
		{F5E8BC12-9F61-45C5-A926-1621C6D27925}.Debug|Any CPU.ActiveCfg = Debug|Any CPU
		{F5E8BC12-9F61-45C5-A926-1621C6D27925}.Debug|Any CPU.Build.0 = Debug|Any CPU
		{F5E8BC12-9F61-45C5-A926-1621C6D27925}.Release|Any CPU.ActiveCfg = Release|Any CPU
		{F5E8BC12-9F61-45C5-A926-1621C6D27925}.Release|Any CPU.Build.0 = Release|Any CPU
		{8C597358-8037-4BEB-8A97-F7A08B99D8E8}.Debug|Any CPU.ActiveCfg = Debug|Any CPU
		{8C597358-8037-4BEB-8A97-F7A08B99D8E8}.Debug|Any CPU.Build.0 = Debug|Any CPU
		{8C597358-8037-4BEB-8A97-F7A08B99D8E8}.Release|Any CPU.ActiveCfg = Release|Any CPU
		{8C597358-8037-4BEB-8A97-F7A08B99D8E8}.Release|Any CPU.Build.0 = Release|Any CPU
		{899E8628-8E78-48D5-AA32-B417364CCE41}.Debug|Any CPU.ActiveCfg = Debug|Any CPU
		{899E8628-8E78-48D5-AA32-B417364CCE41}.Debug|Any CPU.Build.0 = Debug|Any CPU
		{899E8628-8E78-48D5-AA32-B417364CCE41}.Release|Any CPU.ActiveCfg = Release|Any CPU
		{899E8628-8E78-48D5-AA32-B417364CCE41}.Release|Any CPU.Build.0 = Release|Any CPU
	EndGlobalSection
EndGlobal
